
Microsoft Visual Studio Solution File, Format Version 12.00
# Visual Studio 15
VisualStudioVersion = 15.0.28307.1321
MinimumVisualStudioVersion = 10.0.40219.1
Project("{FAE04EC0-301F-11D3-BF4B-00C04F79EFBC}") = "EasymeltPrinter_CommsDriver", "EasymeltPrinter_CommsDriver\EasymeltPrinter_CommsDriver.csproj", "{4B419392-434C-45CC-B24B-480F7DD3C315}"
EndProject
Project("{FAE04EC0-301F-11D3-BF4B-00C04F79EFBC}") = "PrinterStub", "PrinterStub\PrinterStub.csproj", "{88E3DD3E-1EC7-4B5E-B424-CCA6AA8D9298}"
EndProject
Project("{FAE04EC0-301F-11D3-BF4B-00C04F79EFBC}") = "ServerSocketTesting", "ServerSocketTesting\ServerSocketTesting.csproj", "{20F57E07-6655-47B2-981E-94C47E09ED70}"
EndProject
Global
	GlobalSection(SolutionConfigurationPlatforms) = preSolution
		Debug|Any CPU = Debug|Any CPU
		Release|Any CPU = Release|Any CPU
	EndGlobalSection
	GlobalSection(ProjectConfigurationPlatforms) = postSolution
		{4B419392-434C-45CC-B24B-480F7DD3C315}.Debug|Any CPU.ActiveCfg = Debug|Any CPU
		{4B419392-434C-45CC-B24B-480F7DD3C315}.Debug|Any CPU.Build.0 = Debug|Any CPU
		{4B419392-434C-45CC-B24B-480F7DD3C315}.Release|Any CPU.ActiveCfg = Release|Any CPU
		{4B419392-434C-45CC-B24B-480F7DD3C315}.Release|Any CPU.Build.0 = Release|Any CPU
		{88E3DD3E-1EC7-4B5E-B424-CCA6AA8D9298}.Debug|Any CPU.ActiveCfg = Debug|Any CPU
		{88E3DD3E-1EC7-4B5E-B424-CCA6AA8D9298}.Debug|Any CPU.Build.0 = Debug|Any CPU
		{88E3DD3E-1EC7-4B5E-B424-CCA6AA8D9298}.Release|Any CPU.ActiveCfg = Release|Any CPU
		{88E3DD3E-1EC7-4B5E-B424-CCA6AA8D9298}.Release|Any CPU.Build.0 = Release|Any CPU
		{20F57E07-6655-47B2-981E-94C47E09ED70}.Debug|Any CPU.ActiveCfg = Debug|Any CPU
		{20F57E07-6655-47B2-981E-94C47E09ED70}.Debug|Any CPU.Build.0 = Debug|Any CPU
		{20F57E07-6655-47B2-981E-94C47E09ED70}.Release|Any CPU.ActiveCfg = Release|Any CPU
		{20F57E07-6655-47B2-981E-94C47E09ED70}.Release|Any CPU.Build.0 = Release|Any CPU
	EndGlobalSection
	GlobalSection(SolutionProperties) = preSolution
		HideSolutionNode = FALSE
	EndGlobalSection
	GlobalSection(ExtensibilityGlobals) = postSolution
		SolutionGuid = {CC5A2318-CAC6-4FD2-8BD9-13F6BD326AE2}
	EndGlobalSection
EndGlobal
